
Microsoft Visual Studio Solution File, Format Version 12.00
# Visual Studio Version 17
VisualStudioVersion = 17.2.32630.192
MinimumVisualStudioVersion = 10.0.40219.1
Project("{9A19103F-16F7-4668-BE54-9A1E7A4F7556}") = "LogicMonitor.Datamart", "LogicMonitor.Datamart\LogicMonitor.Datamart.csproj", "{43A21CE9-EBAB-427E-94FB-41EF307E0D28}"
EndProject
Project("{9A19103F-16F7-4668-BE54-9A1E7A4F7556}") = "LogicMonitor.Datamart.Cli", "LogicMonitor.Datamart.Cli\LogicMonitor.Datamart.Cli.csproj", "{11817A69-DEE6-4A38-B53A-EE0C77C3B4FC}"
EndProject
Project("{2150E333-8FDC-42A3-9474-1A3956D46DE8}") = "Solution Items", "Solution Items", "{D1C46644-EFA4-4991-B9F7-ECC1C943F409}"
	ProjectSection(SolutionItems) = preProject
		.editorconfig = .editorconfig
		.gitattributes = .gitattributes
		.gitignore = .gitignore
		Directory.Build.props = Directory.Build.props
		global.json = global.json
		LICENSE = LICENSE
		LogicMonitor.Datamart.sln.vsspell = LogicMonitor.Datamart.sln.vsspell
		README.md = README.md
		Rosylnator.ruleset = Rosylnator.ruleset
		version.json = version.json
	EndProjectSection
	ProjectSection(FolderGlobals) = preProject
		F_5_4Projects_4LogicMonitor_1DataMart_4version_1json__JsonSchema = 
		f_5_4code_4LogicMonitor_1Datamart_4version_1json__JsonSchema = 
	EndProjectSection
EndProject
Project("{9A19103F-16F7-4668-BE54-9A1E7A4F7556}") = "LogicMonitor.Datamart.Test", "LogicMonitor.Datamart.Test\LogicMonitor.Datamart.Test.csproj", "{C3EC3A2C-95D3-4036-AA4D-CDB1119CF9B2}"
EndProject
Global
	GlobalSection(SolutionConfigurationPlatforms) = preSolution
		Debug|Any CPU = Debug|Any CPU
		Debug|x86 = Debug|x86
		Release|Any CPU = Release|Any CPU
		Release|x86 = Release|x86
	EndGlobalSection
	GlobalSection(ProjectConfigurationPlatforms) = postSolution
		{43A21CE9-EBAB-427E-94FB-41EF307E0D28}.Debug|Any CPU.ActiveCfg = Debug|Any CPU
		{43A21CE9-EBAB-427E-94FB-41EF307E0D28}.Debug|Any CPU.Build.0 = Debug|Any CPU
		{43A21CE9-EBAB-427E-94FB-41EF307E0D28}.Debug|x86.ActiveCfg = Debug|Any CPU
		{43A21CE9-EBAB-427E-94FB-41EF307E0D28}.Debug|x86.Build.0 = Debug|Any CPU
		{43A21CE9-EBAB-427E-94FB-41EF307E0D28}.Release|Any CPU.ActiveCfg = Release|Any CPU
		{43A21CE9-EBAB-427E-94FB-41EF307E0D28}.Release|Any CPU.Build.0 = Release|Any CPU
		{43A21CE9-EBAB-427E-94FB-41EF307E0D28}.Release|x86.ActiveCfg = Release|Any CPU
		{43A21CE9-EBAB-427E-94FB-41EF307E0D28}.Release|x86.Build.0 = Release|Any CPU
		{11817A69-DEE6-4A38-B53A-EE0C77C3B4FC}.Debug|Any CPU.ActiveCfg = Debug|Any CPU
		{11817A69-DEE6-4A38-B53A-EE0C77C3B4FC}.Debug|Any CPU.Build.0 = Debug|Any CPU
		{11817A69-DEE6-4A38-B53A-EE0C77C3B4FC}.Debug|x86.ActiveCfg = Debug|Any CPU
		{11817A69-DEE6-4A38-B53A-EE0C77C3B4FC}.Debug|x86.Build.0 = Debug|Any CPU
		{11817A69-DEE6-4A38-B53A-EE0C77C3B4FC}.Release|Any CPU.ActiveCfg = Release|Any CPU
		{11817A69-DEE6-4A38-B53A-EE0C77C3B4FC}.Release|Any CPU.Build.0 = Release|Any CPU
		{11817A69-DEE6-4A38-B53A-EE0C77C3B4FC}.Release|x86.ActiveCfg = Release|Any CPU
		{11817A69-DEE6-4A38-B53A-EE0C77C3B4FC}.Release|x86.Build.0 = Release|Any CPU
		{C3EC3A2C-95D3-4036-AA4D-CDB1119CF9B2}.Debug|Any CPU.ActiveCfg = Debug|Any CPU
		{C3EC3A2C-95D3-4036-AA4D-CDB1119CF9B2}.Debug|Any CPU.Build.0 = Debug|Any CPU
		{C3EC3A2C-95D3-4036-AA4D-CDB1119CF9B2}.Debug|x86.ActiveCfg = Debug|Any CPU
		{C3EC3A2C-95D3-4036-AA4D-CDB1119CF9B2}.Debug|x86.Build.0 = Debug|Any CPU
		{C3EC3A2C-95D3-4036-AA4D-CDB1119CF9B2}.Release|Any CPU.ActiveCfg = Release|Any CPU
		{C3EC3A2C-95D3-4036-AA4D-CDB1119CF9B2}.Release|Any CPU.Build.0 = Release|Any CPU
		{C3EC3A2C-95D3-4036-AA4D-CDB1119CF9B2}.Release|x86.ActiveCfg = Release|Any CPU
		{C3EC3A2C-95D3-4036-AA4D-CDB1119CF9B2}.Release|x86.Build.0 = Release|Any CPU
	EndGlobalSection
	GlobalSection(SolutionProperties) = preSolution
		HideSolutionNode = FALSE
	EndGlobalSection
	GlobalSection(ExtensibilityGlobals) = postSolution
		SolutionGuid = {A3D4472B-3AFA-484D-957E-A7D869CBBBFA}
	EndGlobalSection
EndGlobal
